
Microsoft Visual Studio Solution File, Format Version 12.00
# Visual Studio Version 17
VisualStudioVersion = 17.14.36109.1 d17.14
MinimumVisualStudioVersion = 10.0.40219.1
Project("{FAE04EC0-301F-11D3-BF4B-00C04F79EFBC}") = "Todo.Core", "..\TodoSolution\Todo.Core\Todo.Core.csproj", "{EC80C04D-0CDE-49C7-9861-56612C591B4C}"
EndProject
Project("{FAE04EC0-301F-11D3-BF4B-00C04F79EFBC}") = "Todo.Core.Tests", "..\TodoSolution\Todo.Core.Tests\Todo.Core.Tests.csproj", "{29F5896B-A6B9-4535-965B-A57727F4DA17}"
EndProject
Global
	GlobalSection(SolutionConfigurationPlatforms) = preSolution
		Debug|Any CPU = Debug|Any CPU
		Release|Any CPU = Release|Any CPU
	EndGlobalSection
	GlobalSection(ProjectConfigurationPlatforms) = postSolution
		{EC80C04D-0CDE-49C7-9861-56612C591B4C}.Debug|Any CPU.ActiveCfg = Debug|Any CPU
		{EC80C04D-0CDE-49C7-9861-56612C591B4C}.Debug|Any CPU.Build.0 = Debug|Any CPU
		{EC80C04D-0CDE-49C7-9861-56612C591B4C}.Release|Any CPU.ActiveCfg = Release|Any CPU
		{EC80C04D-0CDE-49C7-9861-56612C591B4C}.Release|Any CPU.Build.0 = Release|Any CPU
		{29F5896B-A6B9-4535-965B-A57727F4DA17}.Debug|Any CPU.ActiveCfg = Debug|Any CPU
		{29F5896B-A6B9-4535-965B-A57727F4DA17}.Debug|Any CPU.Build.0 = Debug|Any CPU
		{29F5896B-A6B9-4535-965B-A57727F4DA17}.Release|Any CPU.ActiveCfg = Release|Any CPU
		{29F5896B-A6B9-4535-965B-A57727F4DA17}.Release|Any CPU.Build.0 = Release|Any CPU
	EndGlobalSection
	GlobalSection(SolutionProperties) = preSolution
		HideSolutionNode = FALSE
	EndGlobalSection
	GlobalSection(ExtensibilityGlobals) = postSolution
		SolutionGuid = {FD8132E9-887A-432E-BBD1-0EFD26C08AFA}
	EndGlobalSection
EndGlobal
